# This file was autogenerated by Stack.
# You should not edit this file by hand.
# For more information, please see the documentation at:
#   https://docs.haskellstack.org/en/stable/topics/lock_files

packages: []
snapshots:
- completed:
    sha256: 15852e215e5fb7a91e65eff6f6f313cd7616632ccb4a5cf28c8d0b0580c0172b
    size: 651680
    url: https://raw.githubusercontent.com/commercialhaskell/stackage-snapshots/master/nightly/2025/2/5.yaml
  original: nightly-2025-02-05
